// !$*UTF8*$!
{
	archiveVersion = 1;
	classes = {
	};
	objectVersion = 48;
	objects = {

/* Begin PBXBuildFile section */
		BE1CE1712091EEFF006A51C8 /* AppDelegate.swift in Sources */ = {isa = PBXBuildFile; fileRef = BE1CE1702091EEFF006A51C8 /* AppDelegate.swift */; };
		BE1CE1762091EEFF006A51C8 /* Main.storyboard in Resources */ = {isa = PBXBuildFile; fileRef = BE1CE1742091EEFF006A51C8 /* Main.storyboard */; };
		BE1CE1782091EEFF006A51C8 /* Assets.xcassets in Resources */ = {isa = PBXBuildFile; fileRef = BE1CE1772091EEFF006A51C8 /* Assets.xcassets */; };
		BE1CE17B2091EEFF006A51C8 /* LaunchScreen.storyboard in Resources */ = {isa = PBXBuildFile; fileRef = BE1CE1792091EEFF006A51C8 /* LaunchScreen.storyboard */; };
		BE1CE1852091F23E006A51C8 /* ContactsViewController.swift in Sources */ = {isa = PBXBuildFile; fileRef = BE1CE1842091F23E006A51C8 /* ContactsViewController.swift */; };
		BE1CE1872091F3BF006A51C8 /* ContactCell.swift in Sources */ = {isa = PBXBuildFile; fileRef = BE1CE1862091F3BF006A51C8 /* ContactCell.swift */; };
		BE1CE1892091F931006A51C8 /* ViewController.swift in Sources */ = {isa = PBXBuildFile; fileRef = BE1CE1882091F930006A51C8 /* ViewController.swift */; };
		BE1CE18B20920594006A51C8 /* NewContactController.swift in Sources */ = {isa = PBXBuildFile; fileRef = BE1CE18A20920594006A51C8 /* NewContactController.swift */; };
/* End PBXBuildFile section */

/* Begin PBXFileReference section */
		BE1CE16D2091EEFF006A51C8 /* Contatos.app */ = {isa = PBXFileReference; explicitFileType = wrapper.application; includeInIndex = 0; path = Contatos.app; sourceTree = BUILT_PRODUCTS_DIR; };
		BE1CE1702091EEFF006A51C8 /* AppDelegate.swift */ = {isa = PBXFileReference; lastKnownFileType = sourcecode.swift; path = AppDelegate.swift; sourceTree = "<group>"; };
		BE1CE1752091EEFF006A51C8 /* Base */ = {isa = PBXFileReference; lastKnownFileType = file.storyboard; name = Base; path = Base.lproj/Main.storyboard; sourceTree = "<group>"; };
		BE1CE1772091EEFF006A51C8 /* Assets.xcassets */ = {isa = PBXFileReference; lastKnownFileType = folder.assetcatalog; path = Assets.xcassets; sourceTree = "<group>"; };
		BE1CE17A2091EEFF006A51C8 /* Base */ = {isa = PBXFileReference; lastKnownFileType = file.storyboard; name = Base; path = Base.lproj/LaunchScreen.storyboard; sourceTree = "<group>"; };
		BE1CE17C2091EEFF006A51C8 /* Info.plist */ = {isa = PBXFileReference; lastKnownFileType = text.plist.xml; path = Info.plist; sourceTree = "<group>"; };
		BE1CE1842091F23E006A51C8 /* ContactsViewController.swift */ = {isa = PBXFileReference; lastKnownFileType = sourcecode.swift; path = ContactsViewController.swift; sourceTree = "<group>"; };
		BE1CE1862091F3BF006A51C8 /* ContactCell.swift */ = {isa = PBXFileReference; lastKnownFileType = sourcecode.swift; path = ContactCell.swift; sourceTree = "<group>"; };
		BE1CE1882091F930006A51C8 /* ViewController.swift */ = {isa = PBXFileReference; fileEncoding = 4; lastKnownFileType = sourcecode.swift; path = ViewController.swift; sourceTree = "<group>"; };
		BE1CE18A20920594006A51C8 /* NewContactController.swift */ = {isa = PBXFileReference; lastKnownFileType = sourcecode.swift; path = NewContactController.swift; sourceTree = "<group>"; };
/* End PBXFileReference section */

/* Begin PBXFrameworksBuildPhase section */
		BE1CE16A2091EEFF006A51C8 /* Frameworks */ = {
			isa = PBXFrameworksBuildPhase;
			buildActionMask = 2147483647;
			files = (
			);
			runOnlyForDeploymentPostprocessing = 0;
		};
/* End PBXFrameworksBuildPhase section */

/* Begin PBXGroup section */
		BE1CE1642091EEFF006A51C8 = {
			isa = PBXGroup;
			children = (
				BE1CE16F2091EEFF006A51C8 /* Contatos */,
				BE1CE16E2091EEFF006A51C8 /* Products */,
			);
			sourceTree = "<group>";
		};
		BE1CE16E2091EEFF006A51C8 /* Products */ = {
			isa = PBXGroup;
			children = (
				BE1CE16D2091EEFF006A51C8 /* Contatos.app */,
			);
			name = Products;
			sourceTree = "<group>";
		};
		BE1CE16F2091EEFF006A51C8 /* Contatos */ = {
			isa = PBXGroup;
			children = (
				BE1CE1842091F23E006A51C8 /* ContactsViewController.swift */,
				BE1CE1702091EEFF006A51C8 /* AppDelegate.swift */,
				BE1CE1742091EEFF006A51C8 /* Main.storyboard */,
				BE1CE18A20920594006A51C8 /* NewContactController.swift */,
				BE1CE1862091F3BF006A51C8 /* ContactCell.swift */,
				BE1CE1882091F930006A51C8 /* ViewController.swift */,
				BE1CE1772091EEFF006A51C8 /* Assets.xcassets */,
				BE1CE1792091EEFF006A51C8 /* LaunchScreen.storyboard */,
				BE1CE17C2091EEFF006A51C8 /* Info.plist */,
			);
			path = Contatos;
			sourceTree = "<group>";
		};
/* End PBXGroup section */

/* Begin PBXNativeTarget section */
		BE1CE16C2091EEFF006A51C8 /* Contatos */ = {
			isa = PBXNativeTarget;
			buildConfigurationList = BE1CE17F2091EEFF006A51C8 /* Build configuration list for PBXNativeTarget "Contatos" */;
			buildPhases = (
				BE1CE1692091EEFF006A51C8 /* Sources */,
				BE1CE16A2091EEFF006A51C8 /* Frameworks */,
				BE1CE16B2091EEFF006A51C8 /* Resources */,
			);
			buildRules = (
			);
			dependencies = (
			);
			name = Contatos;
			productName = Contatos;
			productReference = BE1CE16D2091EEFF006A51C8 /* Contatos.app */;
			productType = "com.apple.product-type.application";
		};
/* End PBXNativeTarget section */

/* Begin PBXProject section */
		BE1CE1652091EEFF006A51C8 /* Project object */ = {
			isa = PBXProject;
			attributes = {
				LastSwiftUpdateCheck = 0920;
				LastUpgradeCheck = 0920;
				ORGANIZATIONNAME = Academy;
				TargetAttributes = {
					BE1CE16C2091EEFF006A51C8 = {
						CreatedOnToolsVersion = 9.2;
						ProvisioningStyle = Automatic;
					};
				};
			};
			buildConfigurationList = BE1CE1682091EEFF006A51C8 /* Build configuration list for PBXProject "Contatos" */;
			compatibilityVersion = "Xcode 8.0";
			developmentRegion = en;
			hasScannedForEncodings = 0;
			knownRegions = (
				en,
				Base,
			);
			mainGroup = BE1CE1642091EEFF006A51C8;
			productRefGroup = BE1CE16E2091EEFF006A51C8 /* Products */;
			projectDirPath = "";
			projectRoot = "";
			targets = (
				BE1CE16C2091EEFF006A51C8 /* Contatos */,
			);
		};
/* End PBXProject section */

/* Begin PBXResourcesBuildPhase section */
		BE1CE16B2091EEFF006A51C8 /* Resources */ = {
			isa = PBXResourcesBuildPhase;
			buildActionMask = 2147483647;
			files = (
				BE1CE17B2091EEFF006A51C8 /* LaunchScreen.storyboard in Resources */,
				BE1CE1782091EEFF006A51C8 /* Assets.xcassets in Resources */,
				BE1CE1762091EEFF006A51C8 /* Main.storyboard in Resources */,
			);
			runOnlyForDeploymentPostprocessing = 0;
		};
/* End PBXResourcesBuildPhase section */

/* Begin PBXSourcesBuildPhase section */
		BE1CE1692091EEFF006A51C8 /* Sources */ = {
			isa = PBXSourcesBuildPhase;
			buildActionMask = 2147483647;
			files = (
				BE1CE1872091F3BF006A51C8 /* ContactCell.swift in Sources */,
				BE1CE1712091EEFF006A51C8 /* AppDelegate.swift in Sources */,
				BE1CE1892091F931006A51C8 /* ViewController.swift in Sources */,
				BE1CE1852091F23E006A51C8 /* ContactsViewController.swift in Sources */,
				BE1CE18B20920594006A51C8 /* NewContactController.swift in Sources */,
			);
			runOnlyForDeploymentPostprocessing = 0;
		};
/* End PBXSourcesBuildPhase section */

/* Begin PBXVariantGroup section */
		BE1CE1742091EEFF006A51C8 /* Main.storyboard */ = {
			isa = PBXVariantGroup;
			children = (
				BE1CE1752091EEFF006A51C8 /* Base */,
			);
			name = Main.storyboard;
			sourceTree = "<group>";
		};
		BE1CE1792091EEFF006A51C8 /* LaunchScreen.storyboard */ = {
			isa = PBXVariantGroup;
			children = (
				BE1CE17A2091EEFF006A51C8 /* Base */,
			);
			name = LaunchScreen.storyboard;
			sourceTree = "<group>";
		};
/* End PBXVariantGroup section */

/* Begin XCBuildConfiguration section */
		BE1CE17D2091EEFF006A51C8 /* Debug */ = {
			isa = XCBuildConfiguration;
			buildSettings = {
				ALWAYS_SEARCH_USER_PATHS = NO;
				CLANG_ANALYZER_NONNULL = YES;
				CLANG_ANALYZER_NUMBER_OBJECT_CONVERSION = YES_AGGRESSIVE;
				CLANG_CXX_LANGUAGE_STANDARD = "gnu++14";
				CLANG_CXX_LIBRARY = "libc++";
				CLANG_ENABLE_MODULES = YES;
				CLANG_ENABLE_OBJC_ARC = YES;
				CLANG_WARN_BLOCK_CAPTURE_AUTORELEASING = YES;
				CLANG_WARN_BOOL_CONVERSION = YES;
				CLANG_WARN_COMMA = YES;
				CLANG_WARN_CONSTANT_CONVERSION = YES;
				CLANG_WARN_DIRECT_OBJC_ISA_USAGE = YES_ERROR;
				CLANG_WARN_DOCUMENTATION_COMMENTS = YES;
				CLANG_WARN_EMPTY_BODY = YES;
				CLANG_WARN_ENUM_CONVERSION = YES;
				CLANG_WARN_INFINITE_RECURSION = YES;
				CLANG_WARN_INT_CONVERSION = YES;
				CLANG_WARN_NON_LITERAL_NULL_CONVERSION = YES;
				CLANG_WARN_OBJC_LITERAL_CONVERSION = YES;
				CLANG_WARN_OBJC_ROOT_CLASS = YES_ERROR;
				CLANG_WARN_RANGE_LOOP_ANALYSIS = YES;
				CLANG_WARN_STRICT_PROTOTYPES = YES;
				CLANG_WARN_SUSPICIOUS_MOVE = YES;
				CLANG_WARN_UNGUARDED_AVAILABILITY = YES_AGGRESSIVE;
				CLANG_WARN_UNREACHABLE_CODE = YES;
				CLANG_WARN__DUPLICATE_METHOD_MATCH = YES;
				CODE_SIGN_IDENTITY = "iPhone Developer";
				COPY_PHASE_STRIP = NO;
				DEBUG_INFORMATION_FORMAT = dwarf;
				ENABLE_STRICT_OBJC_MSGSEND = YES;
				ENABLE_TESTABILITY = YES;
				GCC_C_LANGUAGE_STANDARD = gnu11;
				GCC_DYNAMIC_NO_PIC = NO;
				GCC_NO_COMMON_BLOCKS = YES;
				GCC_OPTIMIZATION_LEVEL = 0;
				GCC_PREPROCESSOR_DEFINITIONS = (
					"DEBUG=1",
					"$(inherited)",
				);
				GCC_WARN_64_TO_32_BIT_CONVERSION = YES;
				GCC_WARN_ABOUT_RETURN_TYPE = YES_ERROR;
				GCC_WARN_UNDECLARED_SELECTOR = YES;
				GCC_WARN_UNINITIALIZED_AUTOS = YES_AGGRESSIVE;
				GCC_WARN_UNUSED_FUNCTION = YES;
				GCC_WARN_UNUSED_VARIABLE = YES;
				IPHONEOS_DEPLOYMENT_TARGET = 11.2;
				MTL_ENABLE_DEBUG_INFO = YES;
				ONLY_ACTIVE_ARCH = YES;
				SDKROOT = iphoneos;
				SWIFT_ACTIVE_COMPILATION_CONDITIONS = DEBUG;
				SWIFT_OPTIMIZATION_LEVEL = "-Onone";
			};
			name = Debug;
		};
		BE1CE17E2091EEFF006A51C8 /* Release */ = {
			isa = XCBuildConfiguration;
			buildSettings = {
				ALWAYS_SEARCH_USER_PATHS = NO;
				CLANG_ANALYZER_NONNULL = YES;
				CLANG_ANALYZER_NUMBER_OBJECT_CONVERSION = YES_AGGRESSIVE;
				CLANG_CXX_LANGUAGE_STANDARD = "gnu++14";
				CLANG_CXX_LIBRARY = "libc++";
				CLANG_ENABLE_MODULES = YES;
				CLANG_ENABLE_OBJC_ARC = YES;
				CLANG_WARN_BLOCK_CAPTURE_AUTORELEASING = YES;
				CLANG_WARN_BOOL_CONVERSION = YES;
				CLANG_WARN_COMMA = YES;
				CLANG_WARN_CONSTANT_CONVERSION = YES;
				CLANG_WARN_DIRECT_OBJC_ISA_USAGE = YES_ERROR;
				CLANG_WARN_DOCUMENTATION_COMMENTS = YES;
				CLANG_WARN_EMPTY_BODY = YES;
				CLANG_WARN_ENUM_CONVERSION = YES;
				CLANG_WARN_INFINITE_RECURSION = YES;
				CLANG_WARN_INT_CONVERSION = YES;
				CLANG_WARN_NON_LITERAL_NULL_CONVERSION = YES;
				CLANG_WARN_OBJC_LITERAL_CONVERSION = YES;
				CLANG_WARN_OBJC_ROOT_CLASS = YES_ERROR;
				CLANG_WARN_RANGE_LOOP_ANALYSIS = YES;
				CLANG_WARN_STRICT_PROTOTYPES = YES;
				CLANG_WARN_SUSPICIOUS_MOVE = YES;
				CLANG_WARN_UNGUARDED_AVAILABILITY = YES_AGGRESSIVE;
				CLANG_WARN_UNREACHABLE_CODE = YES;
				CLANG_WARN__DUPLICATE_METHOD_MATCH = YES;
				CODE_SIGN_IDENTITY = "iPhone Developer";
				COPY_PHASE_STRIP = NO;
				DEBUG_INFORMATION_FORMAT = "dwarf-with-dsym";
				ENABLE_NS_ASSERTIONS = NO;
				ENABLE_STRICT_OBJC_MSGSEND = YES;
				GCC_C_LANGUAGE_STANDARD = gnu11;
				GCC_NO_COMMON_BLOCKS = YES;
				GCC_WARN_64_TO_32_BIT_CONVERSION = YES;
				GCC_WARN_ABOUT_RETURN_TYPE = YES_ERROR;
				GCC_WARN_UNDECLARED_SELECTOR = YES;
				GCC_WARN_UNINITIALIZED_AUTOS = YES_AGGRESSIVE;
				GCC_WARN_UNUSED_FUNCTION = YES;
				GCC_WARN_UNUSED_VARIABLE = YES;
				IPHONEOS_DEPLOYMENT_TARGET = 11.2;
				MTL_ENABLE_DEBUG_INFO = NO;
				SDKROOT = iphoneos;
				SWIFT_OPTIMIZATION_LEVEL = "-Owholemodule";
				VALIDATE_PRODUCT = YES;
			};
			name = Release;
		};
		BE1CE1802091EEFF006A51C8 /* Debug */ = {
			isa = XCBuildConfiguration;
			buildSettings = {
				ASSETCATALOG_COMPILER_APPICON_NAME = AppIcon;
				CODE_SIGN_STYLE = Automatic;
				DEVELOPMENT_TEAM = V9L5FA66L3;
				INFOPLIST_FILE = Contatos/Info.plist;
				LD_RUNPATH_SEARCH_PATHS = "$(inherited) @executable_path/Frameworks";
				PRODUCT_BUNDLE_IDENTIFIER = br.com.academy.Contatos;
				PRODUCT_NAME = "$(TARGET_NAME)";
				SWIFT_VERSION = 4.0;
				TARGETED_DEVICE_FAMILY = "1,2";
			};
			name = Debug;
		};
		BE1CE1812091EEFF006A51C8 /* Release */ = {
			isa = XCBuildConfiguration;
			buildSettings = {
				ASSETCATALOG_COMPILER_APPICON_NAME = AppIcon;
				CODE_SIGN_STYLE = Automatic;
				DEVELOPMENT_TEAM = V9L5FA66L3;
				INFOPLIST_FILE = Contatos/Info.plist;
				LD_RUNPATH_SEARCH_PATHS = "$(inherited) @executable_path/Frameworks";
				PRODUCT_BUNDLE_IDENTIFIER = br.com.academy.Contatos;
				PRODUCT_NAME = "$(TARGET_NAME)";
				SWIFT_VERSION = 4.0;
				TARGETED_DEVICE_FAMILY = "1,2";
			};
			name = Release;
		};
/* End XCBuildConfiguration section */

/* Begin XCConfigurationList section */
		BE1CE1682091EEFF006A51C8 /* Build configuration list for PBXProject "Contatos" */ = {
			isa = XCConfigurationList;
			buildConfigurations = (
				BE1CE17D2091EEFF006A51C8 /* Debug */,
				BE1CE17E2091EEFF006A51C8 /* Release */,
			);
			defaultConfigurationIsVisible = 0;
			defaultConfigurationName = Release;
		};
		BE1CE17F2091EEFF006A51C8 /* Build configuration list for PBXNativeTarget "Contatos" */ = {
			isa = XCConfigurationList;
			buildConfigurations = (
				BE1CE1802091EEFF006A51C8 /* Debug */,
				BE1CE1812091EEFF006A51C8 /* Release */,
			);
			defaultConfigurationIsVisible = 0;
			defaultConfigurationName = Release;
		};
/* End XCConfigurationList section */
	};
	rootObject = BE1CE1652091EEFF006A51C8 /* Project object */;
}
